
Microsoft Visual Studio Solution File, Format Version 12.00
# Visual Studio Version 17
VisualStudioVersion = 17.13.35931.197 d17.13
MinimumVisualStudioVersion = 10.0.40219.1
Project("{FAE04EC0-301F-11D3-BF4B-00C04F79EFBC}") = "RORAMuzikMerkezi", "RORAMuzikMerkezi.csproj", "{285F0EBA-514E-4989-943C-E2E3EFD8FAC6}"
EndProject
Global
	GlobalSection(SolutionConfigurationPlatforms) = preSolution
		Debug|Any CPU = Debug|Any CPU
		Release|Any CPU = Release|Any CPU
	EndGlobalSection
	GlobalSection(ProjectConfigurationPlatforms) = postSolution
		{285F0EBA-514E-4989-943C-E2E3EFD8FAC6}.Debug|Any CPU.ActiveCfg = Debug|Any CPU
		{285F0EBA-514E-4989-943C-E2E3EFD8FAC6}.Debug|Any CPU.Build.0 = Debug|Any CPU
		{285F0EBA-514E-4989-943C-E2E3EFD8FAC6}.Release|Any CPU.ActiveCfg = Release|Any CPU
		{285F0EBA-514E-4989-943C-E2E3EFD8FAC6}.Release|Any CPU.Build.0 = Release|Any CPU
	EndGlobalSection
	GlobalSection(SolutionProperties) = preSolution
		HideSolutionNode = FALSE
	EndGlobalSection
	GlobalSection(ExtensibilityGlobals) = postSolution
		SolutionGuid = {6F5000A1-8F52-442D-A104-C0D3B6A20DCA}
	EndGlobalSection
EndGlobal
